// !$*UTF8*$!
{
	archiveVersion = 1;
	classes = {
	};
	objectVersion = 55;
	objects = {

/* Begin PBXBuildFile section */
		101FBF7627D7B3B200E44450 /* AuthCoordinator.swift in Sources */ = {isa = PBXBuildFile; fileRef = 101FBF7527D7B3B200E44450 /* AuthCoordinator.swift */; };
		1028424127E0DBB100A4C5CD /* Error.swift in Sources */ = {isa = PBXBuildFile; fileRef = 1028424027E0DBB100A4C5CD /* Error.swift */; };
		1028424427E0DD0D00A4C5CD /* NetworkService.swift in Sources */ = {isa = PBXBuildFile; fileRef = 1028424327E0DD0D00A4C5CD /* NetworkService.swift */; };
		1077214F27D2B97B005B63F5 /* AppDelegate.swift in Sources */ = {isa = PBXBuildFile; fileRef = 1077214E27D2B97B005B63F5 /* AppDelegate.swift */; };
		1077215127D2B97B005B63F5 /* SceneDelegate.swift in Sources */ = {isa = PBXBuildFile; fileRef = 1077215027D2B97B005B63F5 /* SceneDelegate.swift */; };
		1077215327D2B97B005B63F5 /* ViewController.swift in Sources */ = {isa = PBXBuildFile; fileRef = 1077215227D2B97B005B63F5 /* ViewController.swift */; };
		1077215627D2B97B005B63F5 /* Main.storyboard in Resources */ = {isa = PBXBuildFile; fileRef = 1077215427D2B97B005B63F5 /* Main.storyboard */; };
		1077215827D2B97C005B63F5 /* Assets.xcassets in Resources */ = {isa = PBXBuildFile; fileRef = 1077215727D2B97C005B63F5 /* Assets.xcassets */; };
		1077215B27D2B97C005B63F5 /* LaunchScreen.storyboard in Resources */ = {isa = PBXBuildFile; fileRef = 1077215927D2B97C005B63F5 /* LaunchScreen.storyboard */; };
		1077216627D2B97D005B63F5 /* MovieDatabaseAppTests.swift in Sources */ = {isa = PBXBuildFile; fileRef = 1077216527D2B97D005B63F5 /* MovieDatabaseAppTests.swift */; };
		1077217027D2B97D005B63F5 /* MovieDatabaseAppUITests.swift in Sources */ = {isa = PBXBuildFile; fileRef = 1077216F27D2B97D005B63F5 /* MovieDatabaseAppUITests.swift */; };
		1077217227D2B97D005B63F5 /* MovieDatabaseAppUITestsLaunchTests.swift in Sources */ = {isa = PBXBuildFile; fileRef = 1077217127D2B97D005B63F5 /* MovieDatabaseAppUITestsLaunchTests.swift */; };
		107B5F7927DE17A100C069F8 /* API.plist in Resources */ = {isa = PBXBuildFile; fileRef = 107B5F7827DE17A100C069F8 /* API.plist */; };
		107B5F8627DE19E700C069F8 /* RestClient.swift in Sources */ = {isa = PBXBuildFile; fileRef = 107B5F8527DE19E700C069F8 /* RestClient.swift */; };
		107B5F8827DE19F400C069F8 /* RestResponse.swift in Sources */ = {isa = PBXBuildFile; fileRef = 107B5F8727DE19F400C069F8 /* RestResponse.swift */; };
		107B5F8B27DE1A1700C069F8 /* MovieAPI.swift in Sources */ = {isa = PBXBuildFile; fileRef = 107B5F8A27DE1A1700C069F8 /* MovieAPI.swift */; };
		107B5F8E27DE1A7E00C069F8 /* APIConstants.swift in Sources */ = {isa = PBXBuildFile; fileRef = 107B5F8D27DE1A7E00C069F8 /* APIConstants.swift */; };
		107B5F9127DE1C9F00C069F8 /* MovieAPIModel.swift in Sources */ = {isa = PBXBuildFile; fileRef = 107B5F9027DE1C9F00C069F8 /* MovieAPIModel.swift */; };
		107B5F9327DF883F00C069F8 /* MovieItemCellViewModel.swift in Sources */ = {isa = PBXBuildFile; fileRef = 107B5F9227DF883F00C069F8 /* MovieItemCellViewModel.swift */; };
		10C56C3027D9370100911437 /* CollectionView.swift in Sources */ = {isa = PBXBuildFile; fileRef = 10C56C2F27D9370100911437 /* CollectionView.swift */; };
		10C56C3327D93D9700911437 /* MovieCell.swift in Sources */ = {isa = PBXBuildFile; fileRef = 10C56C3227D93D9700911437 /* MovieCell.swift */; };
		10C56C3627DA2B2400911437 /* DetailView.swift in Sources */ = {isa = PBXBuildFile; fileRef = 10C56C3527DA2B2400911437 /* DetailView.swift */; };
		10C56C3827DA2B3300911437 /* DetailViewController.swift in Sources */ = {isa = PBXBuildFile; fileRef = 10C56C3727DA2B3300911437 /* DetailViewController.swift */; };
		10C56C3D27DA861100911437 /* FirebaseServices.swift in Sources */ = {isa = PBXBuildFile; fileRef = 10C56C3C27DA861100911437 /* FirebaseServices.swift */; };
		10C56C4227DA8ABF00911437 /* AppDependencyContainer.swift in Sources */ = {isa = PBXBuildFile; fileRef = 10C56C4127DA8ABF00911437 /* AppDependencyContainer.swift */; };
		10C56C4427DA8DEF00911437 /* RegisterViewModel.swift in Sources */ = {isa = PBXBuildFile; fileRef = 10C56C4327DA8DEF00911437 /* RegisterViewModel.swift */; };
		10C56C4727DAA6C300911437 /* TextFieldType.swift in Sources */ = {isa = PBXBuildFile; fileRef = 10C56C4627DAA6C300911437 /* TextFieldType.swift */; };
		10C56C4927DAA7F000911437 /* ButtonType.swift in Sources */ = {isa = PBXBuildFile; fileRef = 10C56C4827DAA7F000911437 /* ButtonType.swift */; };
		10C56C4C27DAB32600911437 /* View.swift in Sources */ = {isa = PBXBuildFile; fileRef = 10C56C4B27DAB32600911437 /* View.swift */; };
		10CFD3C727E101690096004B /* HomeViewModel.swift in Sources */ = {isa = PBXBuildFile; fileRef = 10CFD3C627E101690096004B /* HomeViewModel.swift */; };
		10CFD3CA27E14E6A0096004B /* Collection View Section.swift in Sources */ = {isa = PBXBuildFile; fileRef = 10CFD3C927E14E6A0096004B /* Collection View Section.swift */; };
		10E247E927EA189B008D3887 /* AuthPublisher.swift in Sources */ = {isa = PBXBuildFile; fileRef = 10E247E827EA189B008D3887 /* AuthPublisher.swift */; };
		10E247EB27EAAA5B008D3887 /* UserViewModel.swift in Sources */ = {isa = PBXBuildFile; fileRef = 10E247EA27EAAA5B008D3887 /* UserViewModel.swift */; };
		10E4570B27D2CA64006507EF /* GoogleService-Info.plist in Resources */ = {isa = PBXBuildFile; fileRef = 10E4570A27D2CA64006507EF /* GoogleService-Info.plist */; };
		10EDDE5327EA004000DA989D /* AuthenticationService.swift in Sources */ = {isa = PBXBuildFile; fileRef = 10EDDE5227EA004000DA989D /* AuthenticationService.swift */; };
		10EDDE5827EA023A00DA989D /* UserModel.swift in Sources */ = {isa = PBXBuildFile; fileRef = 10EDDE5727EA023A00DA989D /* UserModel.swift */; };
		10EDDE5B27EA033500DA989D /* LoginViewModel.swift in Sources */ = {isa = PBXBuildFile; fileRef = 10EDDE5A27EA033500DA989D /* LoginViewModel.swift */; };
		6488768A0BCCD6A376EC7370 /* Pods_MovieDatabaseAppTests.framework in Frameworks */ = {isa = PBXBuildFile; fileRef = 1E0C2805874CC4543BAF0D3D /* Pods_MovieDatabaseAppTests.framework */; };
		AB6C744327D507F70089105D /* AutoLayout.swift in Sources */ = {isa = PBXBuildFile; fileRef = AB6C744227D507F70089105D /* AutoLayout.swift */; };
		AB6C744627D522790089105D /* StackView.swift in Sources */ = {isa = PBXBuildFile; fileRef = AB6C744527D522790089105D /* StackView.swift */; };
		ABA7D8A227D39BF900B39566 /* HomeViewController.swift in Sources */ = {isa = PBXBuildFile; fileRef = ABA7D8A127D39BF900B39566 /* HomeViewController.swift */; };
		ABA7D8A427D39C2100B39566 /* LoginViewController.swift in Sources */ = {isa = PBXBuildFile; fileRef = ABA7D8A327D39C2100B39566 /* LoginViewController.swift */; };
		ABA7D8A627D39C5700B39566 /* RegisterViewController.swift in Sources */ = {isa = PBXBuildFile; fileRef = ABA7D8A527D39C5700B39566 /* RegisterViewController.swift */; };
		ABA7D8A827D39C6A00B39566 /* SplashViewController.swift in Sources */ = {isa = PBXBuildFile; fileRef = ABA7D8A727D39C6A00B39566 /* SplashViewController.swift */; };
		ABA7D8AA27D39C7300B39566 /* SplashView.swift in Sources */ = {isa = PBXBuildFile; fileRef = ABA7D8A927D39C7300B39566 /* SplashView.swift */; };
		ABA7D8AC27D39C7C00B39566 /* HomeView.swift in Sources */ = {isa = PBXBuildFile; fileRef = ABA7D8AB27D39C7C00B39566 /* HomeView.swift */; };
		ABA7D8AE27D39C8700B39566 /* LoginView.swift in Sources */ = {isa = PBXBuildFile; fileRef = ABA7D8AD27D39C8700B39566 /* LoginView.swift */; };
		ABA7D8B027D39C9300B39566 /* RegisterView.swift in Sources */ = {isa = PBXBuildFile; fileRef = ABA7D8AF27D39C9300B39566 /* RegisterView.swift */; };
		ABA7D8B227D3A38A00B39566 /* Coodinator.swift in Sources */ = {isa = PBXBuildFile; fileRef = ABA7D8B127D3A38A00B39566 /* Coodinator.swift */; };
		ABA7D8B427D3A3FB00B39566 /* AppCoordinator.swift in Sources */ = {isa = PBXBuildFile; fileRef = ABA7D8B327D3A3FB00B39566 /* AppCoordinator.swift */; };
		ABA7D8BA27D3A42900B39566 /* MainCoordinator.swift in Sources */ = {isa = PBXBuildFile; fileRef = ABA7D8B927D3A42900B39566 /* MainCoordinator.swift */; };
		ABA7D8BC27D3A51800B39566 /* Button.swift in Sources */ = {isa = PBXBuildFile; fileRef = ABA7D8BB27D3A51800B39566 /* Button.swift */; };
		ABA958F927D3F9DE00E8A45D /* TableDataSource.swift in Sources */ = {isa = PBXBuildFile; fileRef = ABA958F827D3F9DE00E8A45D /* TableDataSource.swift */; };
		ABA958FB27D3F9FD00E8A45D /* TableDelegate.swift in Sources */ = {isa = PBXBuildFile; fileRef = ABA958FA27D3F9FD00E8A45D /* TableDelegate.swift */; };
		ABA958FD27D3FD3000E8A45D /* Table.swift in Sources */ = {isa = PBXBuildFile; fileRef = ABA958FC27D3FD3000E8A45D /* Table.swift */; };
		B05B8ED398EEA90CECB3FE36 /* Pods_MovieDatabaseApp.framework in Frameworks */ = {isa = PBXBuildFile; fileRef = 46F1C277D074B65E84FC276B /* Pods_MovieDatabaseApp.framework */; };
		EC41A8FF4115C3E302147A9B /* Pods_MovieDatabaseApp_MovieDatabaseAppUITests.framework in Frameworks */ = {isa = PBXBuildFile; fileRef = 626DD555D2A6B8CAA621832F /* Pods_MovieDatabaseApp_MovieDatabaseAppUITests.framework */; };
/* End PBXBuildFile section */

/* Begin PBXContainerItemProxy section */
		1077216227D2B97D005B63F5 /* PBXContainerItemProxy */ = {
			isa = PBXContainerItemProxy;
			containerPortal = 1077214327D2B97B005B63F5 /* Project object */;
			proxyType = 1;
			remoteGlobalIDString = 1077214A27D2B97B005B63F5;
			remoteInfo = MovieDatabaseApp;
		};
		1077216C27D2B97D005B63F5 /* PBXContainerItemProxy */ = {
			isa = PBXContainerItemProxy;
			containerPortal = 1077214327D2B97B005B63F5 /* Project object */;
			proxyType = 1;
			remoteGlobalIDString = 1077214A27D2B97B005B63F5;
			remoteInfo = MovieDatabaseApp;
		};
/* End PBXContainerItemProxy section */

/* Begin PBXFileReference section */
		101FBF7527D7B3B200E44450 /* AuthCoordinator.swift */ = {isa = PBXFileReference; lastKnownFileType = sourcecode.swift; path = AuthCoordinator.swift; sourceTree = "<group>"; };
		1028424027E0DBB100A4C5CD /* Error.swift */ = {isa = PBXFileReference; lastKnownFileType = sourcecode.swift; path = Error.swift; sourceTree = "<group>"; };
		1028424327E0DD0D00A4C5CD /* NetworkService.swift */ = {isa = PBXFileReference; lastKnownFileType = sourcecode.swift; path = NetworkService.swift; sourceTree = "<group>"; };
		1077214B27D2B97B005B63F5 /* MovieDatabaseApp.app */ = {isa = PBXFileReference; explicitFileType = wrapper.application; includeInIndex = 0; path = MovieDatabaseApp.app; sourceTree = BUILT_PRODUCTS_DIR; };
		1077214E27D2B97B005B63F5 /* AppDelegate.swift */ = {isa = PBXFileReference; lastKnownFileType = sourcecode.swift; path = AppDelegate.swift; sourceTree = "<group>"; };
		1077215027D2B97B005B63F5 /* SceneDelegate.swift */ = {isa = PBXFileReference; lastKnownFileType = sourcecode.swift; path = SceneDelegate.swift; sourceTree = "<group>"; };
		1077215227D2B97B005B63F5 /* ViewController.swift */ = {isa = PBXFileReference; lastKnownFileType = sourcecode.swift; path = ViewController.swift; sourceTree = "<group>"; };
		1077215527D2B97B005B63F5 /* Base */ = {isa = PBXFileReference; lastKnownFileType = file.storyboard; name = Base; path = Base.lproj/Main.storyboard; sourceTree = "<group>"; };
		1077215727D2B97C005B63F5 /* Assets.xcassets */ = {isa = PBXFileReference; lastKnownFileType = folder.assetcatalog; path = Assets.xcassets; sourceTree = "<group>"; };
		1077215A27D2B97C005B63F5 /* Base */ = {isa = PBXFileReference; lastKnownFileType = file.storyboard; name = Base; path = Base.lproj/LaunchScreen.storyboard; sourceTree = "<group>"; };
		1077215C27D2B97C005B63F5 /* Info.plist */ = {isa = PBXFileReference; lastKnownFileType = text.plist.xml; path = Info.plist; sourceTree = "<group>"; };
		1077216127D2B97D005B63F5 /* MovieDatabaseAppTests.xctest */ = {isa = PBXFileReference; explicitFileType = wrapper.cfbundle; includeInIndex = 0; path = MovieDatabaseAppTests.xctest; sourceTree = BUILT_PRODUCTS_DIR; };
		1077216527D2B97D005B63F5 /* MovieDatabaseAppTests.swift */ = {isa = PBXFileReference; lastKnownFileType = sourcecode.swift; path = MovieDatabaseAppTests.swift; sourceTree = "<group>"; };
		1077216B27D2B97D005B63F5 /* MovieDatabaseAppUITests.xctest */ = {isa = PBXFileReference; explicitFileType = wrapper.cfbundle; includeInIndex = 0; path = MovieDatabaseAppUITests.xctest; sourceTree = BUILT_PRODUCTS_DIR; };
		1077216F27D2B97D005B63F5 /* MovieDatabaseAppUITests.swift */ = {isa = PBXFileReference; lastKnownFileType = sourcecode.swift; path = MovieDatabaseAppUITests.swift; sourceTree = "<group>"; };
		1077217127D2B97D005B63F5 /* MovieDatabaseAppUITestsLaunchTests.swift */ = {isa = PBXFileReference; lastKnownFileType = sourcecode.swift; path = MovieDatabaseAppUITestsLaunchTests.swift; sourceTree = "<group>"; };
		107B5F7827DE17A100C069F8 /* API.plist */ = {isa = PBXFileReference; fileEncoding = 4; lastKnownFileType = text.plist.xml; path = API.plist; sourceTree = "<group>"; };
		107B5F8527DE19E700C069F8 /* RestClient.swift */ = {isa = PBXFileReference; lastKnownFileType = sourcecode.swift; path = RestClient.swift; sourceTree = "<group>"; };
		107B5F8727DE19F400C069F8 /* RestResponse.swift */ = {isa = PBXFileReference; lastKnownFileType = sourcecode.swift; path = RestResponse.swift; sourceTree = "<group>"; };
		107B5F8A27DE1A1700C069F8 /* MovieAPI.swift */ = {isa = PBXFileReference; lastKnownFileType = sourcecode.swift; path = MovieAPI.swift; sourceTree = "<group>"; };
		107B5F8D27DE1A7E00C069F8 /* APIConstants.swift */ = {isa = PBXFileReference; lastKnownFileType = sourcecode.swift; path = APIConstants.swift; sourceTree = "<group>"; };
		107B5F9027DE1C9F00C069F8 /* MovieAPIModel.swift */ = {isa = PBXFileReference; lastKnownFileType = sourcecode.swift; path = MovieAPIModel.swift; sourceTree = "<group>"; };
		107B5F9227DF883F00C069F8 /* MovieItemCellViewModel.swift */ = {isa = PBXFileReference; lastKnownFileType = sourcecode.swift; path = MovieItemCellViewModel.swift; sourceTree = "<group>"; };
		10C56C2F27D9370100911437 /* CollectionView.swift */ = {isa = PBXFileReference; lastKnownFileType = sourcecode.swift; path = CollectionView.swift; sourceTree = "<group>"; };
		10C56C3227D93D9700911437 /* MovieCell.swift */ = {isa = PBXFileReference; lastKnownFileType = sourcecode.swift; path = MovieCell.swift; sourceTree = "<group>"; };
		10C56C3527DA2B2400911437 /* DetailView.swift */ = {isa = PBXFileReference; lastKnownFileType = sourcecode.swift; path = DetailView.swift; sourceTree = "<group>"; };
		10C56C3727DA2B3300911437 /* DetailViewController.swift */ = {isa = PBXFileReference; lastKnownFileType = sourcecode.swift; path = DetailViewController.swift; sourceTree = "<group>"; };
		10C56C3C27DA861100911437 /* FirebaseServices.swift */ = {isa = PBXFileReference; lastKnownFileType = sourcecode.swift; path = FirebaseServices.swift; sourceTree = "<group>"; };
		10C56C4127DA8ABF00911437 /* AppDependencyContainer.swift */ = {isa = PBXFileReference; lastKnownFileType = sourcecode.swift; path = AppDependencyContainer.swift; sourceTree = "<group>"; };
		10C56C4327DA8DEF00911437 /* RegisterViewModel.swift */ = {isa = PBXFileReference; lastKnownFileType = sourcecode.swift; path = RegisterViewModel.swift; sourceTree = "<group>"; };
		10C56C4627DAA6C300911437 /* TextFieldType.swift */ = {isa = PBXFileReference; lastKnownFileType = sourcecode.swift; path = TextFieldType.swift; sourceTree = "<group>"; };
		10C56C4827DAA7F000911437 /* ButtonType.swift */ = {isa = PBXFileReference; lastKnownFileType = sourcecode.swift; path = ButtonType.swift; sourceTree = "<group>"; };
		10C56C4B27DAB32600911437 /* View.swift */ = {isa = PBXFileReference; lastKnownFileType = sourcecode.swift; path = View.swift; sourceTree = "<group>"; };
		10CFD3C627E101690096004B /* HomeViewModel.swift */ = {isa = PBXFileReference; lastKnownFileType = sourcecode.swift; path = HomeViewModel.swift; sourceTree = "<group>"; };
		10CFD3C927E14E6A0096004B /* Collection View Section.swift */ = {isa = PBXFileReference; lastKnownFileType = sourcecode.swift; path = "Collection View Section.swift"; sourceTree = "<group>"; };
		10E247E827EA189B008D3887 /* AuthPublisher.swift */ = {isa = PBXFileReference; lastKnownFileType = sourcecode.swift; path = AuthPublisher.swift; sourceTree = "<group>"; };
		10E247EA27EAAA5B008D3887 /* UserViewModel.swift */ = {isa = PBXFileReference; lastKnownFileType = sourcecode.swift; path = UserViewModel.swift; sourceTree = "<group>"; };
		10E4570A27D2CA64006507EF /* GoogleService-Info.plist */ = {isa = PBXFileReference; fileEncoding = 4; lastKnownFileType = text.plist.xml; name = "GoogleService-Info.plist"; path = "../../../../Downloads/GoogleService-Info.plist"; sourceTree = "<group>"; };
		10EDDE5227EA004000DA989D /* AuthenticationService.swift */ = {isa = PBXFileReference; lastKnownFileType = sourcecode.swift; path = AuthenticationService.swift; sourceTree = "<group>"; };
		10EDDE5727EA023A00DA989D /* UserModel.swift */ = {isa = PBXFileReference; lastKnownFileType = sourcecode.swift; path = UserModel.swift; sourceTree = "<group>"; };
		10EDDE5A27EA033500DA989D /* LoginViewModel.swift */ = {isa = PBXFileReference; lastKnownFileType = sourcecode.swift; path = LoginViewModel.swift; sourceTree = "<group>"; };
		1E0C2805874CC4543BAF0D3D /* Pods_MovieDatabaseAppTests.framework */ = {isa = PBXFileReference; explicitFileType = wrapper.framework; includeInIndex = 0; path = Pods_MovieDatabaseAppTests.framework; sourceTree = BUILT_PRODUCTS_DIR; };
		46F1C277D074B65E84FC276B /* Pods_MovieDatabaseApp.framework */ = {isa = PBXFileReference; explicitFileType = wrapper.framework; includeInIndex = 0; path = Pods_MovieDatabaseApp.framework; sourceTree = BUILT_PRODUCTS_DIR; };
		626DD555D2A6B8CAA621832F /* Pods_MovieDatabaseApp_MovieDatabaseAppUITests.framework */ = {isa = PBXFileReference; explicitFileType = wrapper.framework; includeInIndex = 0; path = Pods_MovieDatabaseApp_MovieDatabaseAppUITests.framework; sourceTree = BUILT_PRODUCTS_DIR; };
		78D13732CB8A641D9D914E49 /* Pods-MovieDatabaseApp.debug.xcconfig */ = {isa = PBXFileReference; includeInIndex = 1; lastKnownFileType = text.xcconfig; name = "Pods-MovieDatabaseApp.debug.xcconfig"; path = "Target Support Files/Pods-MovieDatabaseApp/Pods-MovieDatabaseApp.debug.xcconfig"; sourceTree = "<group>"; };
		AB6C744227D507F70089105D /* AutoLayout.swift */ = {isa = PBXFileReference; lastKnownFileType = sourcecode.swift; path = AutoLayout.swift; sourceTree = "<group>"; };
		AB6C744527D522790089105D /* StackView.swift */ = {isa = PBXFileReference; lastKnownFileType = sourcecode.swift; path = StackView.swift; sourceTree = "<group>"; };
		ABA7D8A127D39BF900B39566 /* HomeViewController.swift */ = {isa = PBXFileReference; lastKnownFileType = sourcecode.swift; path = HomeViewController.swift; sourceTree = "<group>"; };
		ABA7D8A327D39C2100B39566 /* LoginViewController.swift */ = {isa = PBXFileReference; lastKnownFileType = sourcecode.swift; path = LoginViewController.swift; sourceTree = "<group>"; };
		ABA7D8A527D39C5700B39566 /* RegisterViewController.swift */ = {isa = PBXFileReference; lastKnownFileType = sourcecode.swift; path = RegisterViewController.swift; sourceTree = "<group>"; };
		ABA7D8A727D39C6A00B39566 /* SplashViewController.swift */ = {isa = PBXFileReference; lastKnownFileType = sourcecode.swift; path = SplashViewController.swift; sourceTree = "<group>"; };
		ABA7D8A927D39C7300B39566 /* SplashView.swift */ = {isa = PBXFileReference; lastKnownFileType = sourcecode.swift; path = SplashView.swift; sourceTree = "<group>"; };
		ABA7D8AB27D39C7C00B39566 /* HomeView.swift */ = {isa = PBXFileReference; lastKnownFileType = sourcecode.swift; path = HomeView.swift; sourceTree = "<group>"; };
		ABA7D8AD27D39C8700B39566 /* LoginView.swift */ = {isa = PBXFileReference; lastKnownFileType = sourcecode.swift; path = LoginView.swift; sourceTree = "<group>"; };
		ABA7D8AF27D39C9300B39566 /* RegisterView.swift */ = {isa = PBXFileReference; lastKnownFileType = sourcecode.swift; path = RegisterView.swift; sourceTree = "<group>"; };
		ABA7D8B127D3A38A00B39566 /* Coodinator.swift */ = {isa = PBXFileReference; lastKnownFileType = sourcecode.swift; path = Coodinator.swift; sourceTree = "<group>"; };
		ABA7D8B327D3A3FB00B39566 /* AppCoordinator.swift */ = {isa = PBXFileReference; lastKnownFileType = sourcecode.swift; path = AppCoordinator.swift; sourceTree = "<group>"; };
		ABA7D8B927D3A42900B39566 /* MainCoordinator.swift */ = {isa = PBXFileReference; lastKnownFileType = sourcecode.swift; path = MainCoordinator.swift; sourceTree = "<group>"; };
		ABA7D8BB27D3A51800B39566 /* Button.swift */ = {isa = PBXFileReference; lastKnownFileType = sourcecode.swift; path = Button.swift; sourceTree = "<group>"; };
		ABA958F827D3F9DE00E8A45D /* TableDataSource.swift */ = {isa = PBXFileReference; lastKnownFileType = sourcecode.swift; path = TableDataSource.swift; sourceTree = "<group>"; };
		ABA958FA27D3F9FD00E8A45D /* TableDelegate.swift */ = {isa = PBXFileReference; lastKnownFileType = sourcecode.swift; path = TableDelegate.swift; sourceTree = "<group>"; };
		ABA958FC27D3FD3000E8A45D /* Table.swift */ = {isa = PBXFileReference; lastKnownFileType = sourcecode.swift; path = Table.swift; sourceTree = "<group>"; };
		AF4C0E266090E4543EDB302C /* Pods-MovieDatabaseAppTests.release.xcconfig */ = {isa = PBXFileReference; includeInIndex = 1; lastKnownFileType = text.xcconfig; name = "Pods-MovieDatabaseAppTests.release.xcconfig"; path = "Target Support Files/Pods-MovieDatabaseAppTests/Pods-MovieDatabaseAppTests.release.xcconfig"; sourceTree = "<group>"; };
		B2982165A381FFE4CC59DF38 /* Pods-MovieDatabaseApp-MovieDatabaseAppUITests.debug.xcconfig */ = {isa = PBXFileReference; includeInIndex = 1; lastKnownFileType = text.xcconfig; name = "Pods-MovieDatabaseApp-MovieDatabaseAppUITests.debug.xcconfig"; path = "Target Support Files/Pods-MovieDatabaseApp-MovieDatabaseAppUITests/Pods-MovieDatabaseApp-MovieDatabaseAppUITests.debug.xcconfig"; sourceTree = "<group>"; };
		C0DEC7BFC257D6E15A0F6AEF /* Pods-MovieDatabaseApp.release.xcconfig */ = {isa = PBXFileReference; includeInIndex = 1; lastKnownFileType = text.xcconfig; name = "Pods-MovieDatabaseApp.release.xcconfig"; path = "Target Support Files/Pods-MovieDatabaseApp/Pods-MovieDatabaseApp.release.xcconfig"; sourceTree = "<group>"; };
		C98D4AE4AA6DAFAAAAF831A9 /* Pods-MovieDatabaseAppTests.debug.xcconfig */ = {isa = PBXFileReference; includeInIndex = 1; lastKnownFileType = text.xcconfig; name = "Pods-MovieDatabaseAppTests.debug.xcconfig"; path = "Target Support Files/Pods-MovieDatabaseAppTests/Pods-MovieDatabaseAppTests.debug.xcconfig"; sourceTree = "<group>"; };
		DC3C82D0997A513A133EF350 /* Pods-MovieDatabaseApp-MovieDatabaseAppUITests.release.xcconfig */ = {isa = PBXFileReference; includeInIndex = 1; lastKnownFileType = text.xcconfig; name = "Pods-MovieDatabaseApp-MovieDatabaseAppUITests.release.xcconfig"; path = "Target Support Files/Pods-MovieDatabaseApp-MovieDatabaseAppUITests/Pods-MovieDatabaseApp-MovieDatabaseAppUITests.release.xcconfig"; sourceTree = "<group>"; };
/* End PBXFileReference section */

/* Begin PBXFrameworksBuildPhase section */
		1077214827D2B97B005B63F5 /* Frameworks */ = {
			isa = PBXFrameworksBuildPhase;
			buildActionMask = 2147483647;
			files = (
				B05B8ED398EEA90CECB3FE36 /* Pods_MovieDatabaseApp.framework in Frameworks */,
			);
			runOnlyForDeploymentPostprocessing = 0;
		};
		1077215E27D2B97D005B63F5 /* Frameworks */ = {
			isa = PBXFrameworksBuildPhase;
			buildActionMask = 2147483647;
			files = (
				6488768A0BCCD6A376EC7370 /* Pods_MovieDatabaseAppTests.framework in Frameworks */,
			);
			runOnlyForDeploymentPostprocessing = 0;
		};
		1077216827D2B97D005B63F5 /* Frameworks */ = {
			isa = PBXFrameworksBuildPhase;
			buildActionMask = 2147483647;
			files = (
				EC41A8FF4115C3E302147A9B /* Pods_MovieDatabaseApp_MovieDatabaseAppUITests.framework in Frameworks */,
			);
			runOnlyForDeploymentPostprocessing = 0;
		};
/* End PBXFrameworksBuildPhase section */

/* Begin PBXGroup section */
		101FBF7127D7AE6500E44450 /* Home */ = {
			isa = PBXGroup;
			children = (
				ABA7D8AB27D39C7C00B39566 /* HomeView.swift */,
				ABA7D8A127D39BF900B39566 /* HomeViewController.swift */,
				107B5F9227DF883F00C069F8 /* MovieItemCellViewModel.swift */,
			);
			path = Home;
			sourceTree = "<group>";
		};
		101FBF7227D7AE8100E44450 /* Login */ = {
			isa = PBXGroup;
			children = (
				ABA7D8AD27D39C8700B39566 /* LoginView.swift */,
				10EDDE5A27EA033500DA989D /* LoginViewModel.swift */,
				ABA7D8A327D39C2100B39566 /* LoginViewController.swift */,
			);
			path = Login;
			sourceTree = "<group>";
		};
		101FBF7327D7AEAE00E44450 /* Register */ = {
			isa = PBXGroup;
			children = (
				ABA7D8A527D39C5700B39566 /* RegisterViewController.swift */,
				ABA7D8AF27D39C9300B39566 /* RegisterView.swift */,
				10C56C4327DA8DEF00911437 /* RegisterViewModel.swift */,
			);
			path = Register;
			sourceTree = "<group>";
		};
		101FBF7427D7AEC400E44450 /* Splash */ = {
			isa = PBXGroup;
			children = (
				ABA7D8A927D39C7300B39566 /* SplashView.swift */,
				ABA7D8A727D39C6A00B39566 /* SplashViewController.swift */,
			);
			path = Splash;
			sourceTree = "<group>";
		};
		1028423F27E0DBA400A4C5CD /* Shared */ = {
			isa = PBXGroup;
			children = (
				1028424027E0DBB100A4C5CD /* Error.swift */,
			);
			path = Shared;
			sourceTree = "<group>";
		};
		1028424227E0DCBB00A4C5CD /* Service */ = {
			isa = PBXGroup;
			children = (
				1028424327E0DD0D00A4C5CD /* NetworkService.swift */,
			);
			path = Service;
			sourceTree = "<group>";
		};
		1077214227D2B97B005B63F5 = {
			isa = PBXGroup;
			children = (
				1077214D27D2B97B005B63F5 /* MovieDatabaseApp */,
				1077216427D2B97D005B63F5 /* MovieDatabaseAppTests */,
				1077216E27D2B97D005B63F5 /* MovieDatabaseAppUITests */,
				1077214C27D2B97B005B63F5 /* Products */,
				B70493A6CB54EEED91C33EB7 /* Pods */,
				BE77E933AD776A9AE50E83C6 /* Frameworks */,
			);
			sourceTree = "<group>";
		};
		1077214C27D2B97B005B63F5 /* Products */ = {
			isa = PBXGroup;
			children = (
				1077214B27D2B97B005B63F5 /* MovieDatabaseApp.app */,
				1077216127D2B97D005B63F5 /* MovieDatabaseAppTests.xctest */,
				1077216B27D2B97D005B63F5 /* MovieDatabaseAppUITests.xctest */,
			);
			name = Products;
			sourceTree = "<group>";
		};
		1077214D27D2B97B005B63F5 /* MovieDatabaseApp */ = {
			isa = PBXGroup;
			children = (
				10EDDE5127E90A6500DA989D /* Dependencies */,
				107B5F7727DCD9CD00C069F8 /* Plist */,
				10C56C3E27DA886900911437 /* App */,
				10C56C3A27DA859100911437 /* Shared */,
				AB6C744127D507EB0089105D /* Utils */,
				ABA7D89E27D3947000B39566 /* Views */,
				ABA7D89B27D3943500B39566 /* Coordinators */,
				ABA7D89927D3941F00B39566 /* Components */,
				10E4570A27D2CA64006507EF /* GoogleService-Info.plist */,
				1077215427D2B97B005B63F5 /* Main.storyboard */,
				1077215227D2B97B005B63F5 /* ViewController.swift */,
				1077215727D2B97C005B63F5 /* Assets.xcassets */,
				1077215927D2B97C005B63F5 /* LaunchScreen.storyboard */,
				1077215C27D2B97C005B63F5 /* Info.plist */,
			);
			path = MovieDatabaseApp;
			sourceTree = "<group>";
		};
		1077216427D2B97D005B63F5 /* MovieDatabaseAppTests */ = {
			isa = PBXGroup;
			children = (
				1077216527D2B97D005B63F5 /* MovieDatabaseAppTests.swift */,
			);
			path = MovieDatabaseAppTests;
			sourceTree = "<group>";
		};
		1077216E27D2B97D005B63F5 /* MovieDatabaseAppUITests */ = {
			isa = PBXGroup;
			children = (
				1077216F27D2B97D005B63F5 /* MovieDatabaseAppUITests.swift */,
				1077217127D2B97D005B63F5 /* MovieDatabaseAppUITestsLaunchTests.swift */,
			);
			path = MovieDatabaseAppUITests;
			sourceTree = "<group>";
		};
		107B5F7727DCD9CD00C069F8 /* Plist */ = {
			isa = PBXGroup;
			children = (
				107B5F7827DE17A100C069F8 /* API.plist */,
			);
			path = Plist;
			sourceTree = "<group>";
		};
		107B5F8427DE19D500C069F8 /* Network */ = {
			isa = PBXGroup;
			children = (
				1028424227E0DCBB00A4C5CD /* Service */,
				107B5F8C27DE1A6A00C069F8 /* Constants */,
				107B5F8927DE19FA00C069F8 /* API */,
				107B5F8527DE19E700C069F8 /* RestClient.swift */,
				107B5F8727DE19F400C069F8 /* RestResponse.swift */,
			);
			path = Network;
			sourceTree = "<group>";
		};
		107B5F8927DE19FA00C069F8 /* API */ = {
			isa = PBXGroup;
			children = (
				1028423F27E0DBA400A4C5CD /* Shared */,
				107B5F8F27DE1C8C00C069F8 /* Movie */,
			);
			path = API;
			sourceTree = "<group>";
		};
		107B5F8C27DE1A6A00C069F8 /* Constants */ = {
			isa = PBXGroup;
			children = (
				107B5F8D27DE1A7E00C069F8 /* APIConstants.swift */,
			);
			path = Constants;
			sourceTree = "<group>";
		};
		107B5F8F27DE1C8C00C069F8 /* Movie */ = {
			isa = PBXGroup;
			children = (
				107B5F8A27DE1A1700C069F8 /* MovieAPI.swift */,
				10CFD3C627E101690096004B /* HomeViewModel.swift */,
				107B5F9027DE1C9F00C069F8 /* MovieAPIModel.swift */,
			);
			path = Movie;
			sourceTree = "<group>";
		};
		10C56C2A27D936D000911437 /* Collection View */ = {
			isa = PBXGroup;
			children = (
				10CFD3C827E14E470096004B /* Collection View Section */,
				10C56C3127D93D7D00911437 /* Collection View Cell */,
				10C56C2F27D9370100911437 /* CollectionView.swift */,
			);
			path = "Collection View";
			sourceTree = "<group>";
		};
		10C56C3127D93D7D00911437 /* Collection View Cell */ = {
			isa = PBXGroup;
			children = (
				10C56C3227D93D9700911437 /* MovieCell.swift */,
			);
			path = "Collection View Cell";
			sourceTree = "<group>";
		};
		10C56C3427DA2B1400911437 /* Detail */ = {
			isa = PBXGroup;
			children = (
				10C56C3527DA2B2400911437 /* DetailView.swift */,
				10C56C3727DA2B3300911437 /* DetailViewController.swift */,
			);
			path = Detail;
			sourceTree = "<group>";
		};
		10C56C3A27DA859100911437 /* Shared */ = {
			isa = PBXGroup;
			children = (
				10EDDE5427EA019A00DA989D /* Authentication */,
				107B5F8427DE19D500C069F8 /* Network */,
				10C56C4527DAA69700911437 /* Constants */,
				10C56C3F27DA8A9000911437 /* Utilities */,
				10C56C3B27DA85FA00911437 /* Firebase */,
			);
			path = Shared;
			sourceTree = "<group>";
		};
		10C56C3B27DA85FA00911437 /* Firebase */ = {
			isa = PBXGroup;
			children = (
				10C56C3C27DA861100911437 /* FirebaseServices.swift */,
			);
			path = Firebase;
			sourceTree = "<group>";
		};
		10C56C3E27DA886900911437 /* App */ = {
			isa = PBXGroup;
			children = (
				1077214E27D2B97B005B63F5 /* AppDelegate.swift */,
				1077215027D2B97B005B63F5 /* SceneDelegate.swift */,
			);
			path = App;
			sourceTree = "<group>";
		};
		10C56C3F27DA8A9000911437 /* Utilities */ = {
			isa = PBXGroup;
			children = (
				10C56C4027DA8AA100911437 /* Dependency Container */,
			);
			path = Utilities;
			sourceTree = "<group>";
		};
		10C56C4027DA8AA100911437 /* Dependency Container */ = {
			isa = PBXGroup;
			children = (
				10C56C4127DA8ABF00911437 /* AppDependencyContainer.swift */,
			);
			path = "Dependency Container";
			sourceTree = "<group>";
		};
		10C56C4527DAA69700911437 /* Constants */ = {
			isa = PBXGroup;
			children = (
				10C56C4627DAA6C300911437 /* TextFieldType.swift */,
				10C56C4827DAA7F000911437 /* ButtonType.swift */,
			);
			path = Constants;
			sourceTree = "<group>";
		};
		10C56C4A27DAB30900911437 /* View */ = {
			isa = PBXGroup;
			children = (
				10C56C4B27DAB32600911437 /* View.swift */,
			);
			path = View;
			sourceTree = "<group>";
		};
		10CFD3C827E14E470096004B /* Collection View Section */ = {
			isa = PBXGroup;
			children = (
				10CFD3C927E14E6A0096004B /* Collection View Section.swift */,
			);
			path = "Collection View Section";
			sourceTree = "<group>";
		};
		10E247E727EA1889008D3887 /* Publisher */ = {
			isa = PBXGroup;
			children = (
				10E247E827EA189B008D3887 /* AuthPublisher.swift */,
			);
			path = Publisher;
			sourceTree = "<group>";
		};
		10EDDE5127E90A6500DA989D /* Dependencies */ = {
			isa = PBXGroup;
			children = (
			);
			path = Dependencies;
			sourceTree = "<group>";
		};
		10EDDE5427EA019A00DA989D /* Authentication */ = {
			isa = PBXGroup;
			children = (
				10E247E727EA1889008D3887 /* Publisher */,
				10EDDE5927EA032400DA989D /* View Model */,
				10EDDE5627EA022700DA989D /* Model */,
				10EDDE5527EA021400DA989D /* Service */,
			);
			path = Authentication;
			sourceTree = "<group>";
		};
		10EDDE5527EA021400DA989D /* Service */ = {
			isa = PBXGroup;
			children = (
				10EDDE5227EA004000DA989D /* AuthenticationService.swift */,
			);
			path = Service;
			sourceTree = "<group>";
		};
		10EDDE5627EA022700DA989D /* Model */ = {
			isa = PBXGroup;
			children = (
				10EDDE5727EA023A00DA989D /* UserModel.swift */,
				10E247EA27EAAA5B008D3887 /* UserViewModel.swift */,
			);
			path = Model;
			sourceTree = "<group>";
		};
		10EDDE5927EA032400DA989D /* View Model */ = {
			isa = PBXGroup;
			children = (
			);
			path = "View Model";
			sourceTree = "<group>";
		};
		AB6C744127D507EB0089105D /* Utils */ = {
			isa = PBXGroup;
			children = (
				AB6C744227D507F70089105D /* AutoLayout.swift */,
			);
			path = Utils;
			sourceTree = "<group>";
		};
		AB6C744427D5225F0089105D /* Stack View */ = {
			isa = PBXGroup;
			children = (
				AB6C744527D522790089105D /* StackView.swift */,
			);
			path = "Stack View";
			sourceTree = "<group>";
		};
		ABA7D89927D3941F00B39566 /* Components */ = {
			isa = PBXGroup;
			children = (
				10C56C4A27DAB30900911437 /* View */,
				10C56C2A27D936D000911437 /* Collection View */,
				AB6C744427D5225F0089105D /* Stack View */,
				ABA7D89D27D3944D00B39566 /* Table */,
				ABA7D89C27D3944600B39566 /* Buttons */,
			);
			path = Components;
			sourceTree = "<group>";
		};
		ABA7D89B27D3943500B39566 /* Coordinators */ = {
			isa = PBXGroup;
			children = (
				ABA7D8B127D3A38A00B39566 /* Coodinator.swift */,
				ABA7D8B327D3A3FB00B39566 /* AppCoordinator.swift */,
				ABA7D8B927D3A42900B39566 /* MainCoordinator.swift */,
				101FBF7527D7B3B200E44450 /* AuthCoordinator.swift */,
			);
			path = Coordinators;
			sourceTree = "<group>";
		};
		ABA7D89C27D3944600B39566 /* Buttons */ = {
			isa = PBXGroup;
			children = (
				ABA7D8BB27D3A51800B39566 /* Button.swift */,
			);
			path = Buttons;
			sourceTree = "<group>";
		};
		ABA7D89D27D3944D00B39566 /* Table */ = {
			isa = PBXGroup;
			children = (
				ABA958F827D3F9DE00E8A45D /* TableDataSource.swift */,
				ABA958FA27D3F9FD00E8A45D /* TableDelegate.swift */,
				ABA958FC27D3FD3000E8A45D /* Table.swift */,
			);
			path = Table;
			sourceTree = "<group>";
		};
		ABA7D89E27D3947000B39566 /* Views */ = {
			isa = PBXGroup;
			children = (
				10C56C3427DA2B1400911437 /* Detail */,
				101FBF7427D7AEC400E44450 /* Splash */,
				101FBF7327D7AEAE00E44450 /* Register */,
				101FBF7227D7AE8100E44450 /* Login */,
				101FBF7127D7AE6500E44450 /* Home */,
			);
			path = Views;
			sourceTree = "<group>";
		};
		B70493A6CB54EEED91C33EB7 /* Pods */ = {
			isa = PBXGroup;
			children = (
				78D13732CB8A641D9D914E49 /* Pods-MovieDatabaseApp.debug.xcconfig */,
				C0DEC7BFC257D6E15A0F6AEF /* Pods-MovieDatabaseApp.release.xcconfig */,
				B2982165A381FFE4CC59DF38 /* Pods-MovieDatabaseApp-MovieDatabaseAppUITests.debug.xcconfig */,
				DC3C82D0997A513A133EF350 /* Pods-MovieDatabaseApp-MovieDatabaseAppUITests.release.xcconfig */,
				C98D4AE4AA6DAFAAAAF831A9 /* Pods-MovieDatabaseAppTests.debug.xcconfig */,
				AF4C0E266090E4543EDB302C /* Pods-MovieDatabaseAppTests.release.xcconfig */,
			);
			path = Pods;
			sourceTree = "<group>";
		};
		BE77E933AD776A9AE50E83C6 /* Frameworks */ = {
			isa = PBXGroup;
			children = (
				46F1C277D074B65E84FC276B /* Pods_MovieDatabaseApp.framework */,
				626DD555D2A6B8CAA621832F /* Pods_MovieDatabaseApp_MovieDatabaseAppUITests.framework */,
				1E0C2805874CC4543BAF0D3D /* Pods_MovieDatabaseAppTests.framework */,
			);
			name = Frameworks;
			sourceTree = "<group>";
		};
/* End PBXGroup section */

/* Begin PBXNativeTarget section */
		1077214A27D2B97B005B63F5 /* MovieDatabaseApp */ = {
			isa = PBXNativeTarget;
			buildConfigurationList = 1077217527D2B97D005B63F5 /* Build configuration list for PBXNativeTarget "MovieDatabaseApp" */;
			buildPhases = (
				DA14B5E5D89220994205433C /* [CP] Check Pods Manifest.lock */,
				101FBF7027D79E8700E44450 /* Run Script */,
				1077214727D2B97B005B63F5 /* Sources */,
				1077214827D2B97B005B63F5 /* Frameworks */,
				1077214927D2B97B005B63F5 /* Resources */,
				69C8EAF010DC3E1A8FF041A1 /* [CP] Embed Pods Frameworks */,
			);
			buildRules = (
			);
			dependencies = (
			);
			name = MovieDatabaseApp;
			productName = MovieDatabaseApp;
			productReference = 1077214B27D2B97B005B63F5 /* MovieDatabaseApp.app */;
			productType = "com.apple.product-type.application";
		};
		1077216027D2B97D005B63F5 /* MovieDatabaseAppTests */ = {
			isa = PBXNativeTarget;
			buildConfigurationList = 1077217827D2B97D005B63F5 /* Build configuration list for PBXNativeTarget "MovieDatabaseAppTests" */;
			buildPhases = (
				D0BB92F724F253FDB84F4BE7 /* [CP] Check Pods Manifest.lock */,
				1077215D27D2B97D005B63F5 /* Sources */,
				1077215E27D2B97D005B63F5 /* Frameworks */,
				1077215F27D2B97D005B63F5 /* Resources */,
			);
			buildRules = (
			);
			dependencies = (
				1077216327D2B97D005B63F5 /* PBXTargetDependency */,
			);
			name = MovieDatabaseAppTests;
			productName = MovieDatabaseAppTests;
			productReference = 1077216127D2B97D005B63F5 /* MovieDatabaseAppTests.xctest */;
			productType = "com.apple.product-type.bundle.unit-test";
		};
		1077216A27D2B97D005B63F5 /* MovieDatabaseAppUITests */ = {
			isa = PBXNativeTarget;
			buildConfigurationList = 1077217B27D2B97D005B63F5 /* Build configuration list for PBXNativeTarget "MovieDatabaseAppUITests" */;
			buildPhases = (
				26FA4AAC9346B281F5E12E11 /* [CP] Check Pods Manifest.lock */,
				1077216727D2B97D005B63F5 /* Sources */,
				1077216827D2B97D005B63F5 /* Frameworks */,
				1077216927D2B97D005B63F5 /* Resources */,
				8D7BBB3D152C8110E7EEB12F /* [CP] Embed Pods Frameworks */,
			);
			buildRules = (
			);
			dependencies = (
				1077216D27D2B97D005B63F5 /* PBXTargetDependency */,
			);
			name = MovieDatabaseAppUITests;
			productName = MovieDatabaseAppUITests;
			productReference = 1077216B27D2B97D005B63F5 /* MovieDatabaseAppUITests.xctest */;
			productType = "com.apple.product-type.bundle.ui-testing";
		};
/* End PBXNativeTarget section */

/* Begin PBXProject section */
		1077214327D2B97B005B63F5 /* Project object */ = {
			isa = PBXProject;
			attributes = {
				BuildIndependentTargetsInParallel = 1;
				LastSwiftUpdateCheck = 1320;
				LastUpgradeCheck = 1320;
				TargetAttributes = {
					1077214A27D2B97B005B63F5 = {
						CreatedOnToolsVersion = 13.2.1;
					};
					1077216027D2B97D005B63F5 = {
						CreatedOnToolsVersion = 13.2.1;
						TestTargetID = 1077214A27D2B97B005B63F5;
					};
					1077216A27D2B97D005B63F5 = {
						CreatedOnToolsVersion = 13.2.1;
						TestTargetID = 1077214A27D2B97B005B63F5;
					};
				};
			};
			buildConfigurationList = 1077214627D2B97B005B63F5 /* Build configuration list for PBXProject "MovieDatabaseApp" */;
			compatibilityVersion = "Xcode 13.0";
			developmentRegion = en;
			hasScannedForEncodings = 0;
			knownRegions = (
				en,
				Base,
			);
			mainGroup = 1077214227D2B97B005B63F5;
			productRefGroup = 1077214C27D2B97B005B63F5 /* Products */;
			projectDirPath = "";
			projectRoot = "";
			targets = (
				1077214A27D2B97B005B63F5 /* MovieDatabaseApp */,
				1077216027D2B97D005B63F5 /* MovieDatabaseAppTests */,
				1077216A27D2B97D005B63F5 /* MovieDatabaseAppUITests */,
			);
		};
/* End PBXProject section */

/* Begin PBXResourcesBuildPhase section */
		1077214927D2B97B005B63F5 /* Resources */ = {
			isa = PBXResourcesBuildPhase;
			buildActionMask = 2147483647;
			files = (
				1077215B27D2B97C005B63F5 /* LaunchScreen.storyboard in Resources */,
				10E4570B27D2CA64006507EF /* GoogleService-Info.plist in Resources */,
				1077215827D2B97C005B63F5 /* Assets.xcassets in Resources */,
				1077215627D2B97B005B63F5 /* Main.storyboard in Resources */,
				107B5F7927DE17A100C069F8 /* API.plist in Resources */,
			);
			runOnlyForDeploymentPostprocessing = 0;
		};
		1077215F27D2B97D005B63F5 /* Resources */ = {
			isa = PBXResourcesBuildPhase;
			buildActionMask = 2147483647;
			files = (
			);
			runOnlyForDeploymentPostprocessing = 0;
		};
		1077216927D2B97D005B63F5 /* Resources */ = {
			isa = PBXResourcesBuildPhase;
			buildActionMask = 2147483647;
			files = (
			);
			runOnlyForDeploymentPostprocessing = 0;
		};
/* End PBXResourcesBuildPhase section */

/* Begin PBXShellScriptBuildPhase section */
		101FBF7027D79E8700E44450 /* Run Script */ = {
			isa = PBXShellScriptBuildPhase;
			buildActionMask = 2147483647;
			files = (
			);
			inputFileListPaths = (
			);
			inputPaths = (
			);
			name = "Run Script";
			outputFileListPaths = (
			);
			outputPaths = (
			);
			runOnlyForDeploymentPostprocessing = 0;
			shellPath = /bin/sh;
			shellScript = "# Type a script or drag a script file from your workspace to insert its path.\n\"${PODS_ROOT}/SwiftFormat/CommandLineTool/swiftformat\" \"$SRCROOT\"\n";
		};
		26FA4AAC9346B281F5E12E11 /* [CP] Check Pods Manifest.lock */ = {
			isa = PBXShellScriptBuildPhase;
			buildActionMask = 2147483647;
			files = (
			);
			inputFileListPaths = (
			);
			inputPaths = (
				"${PODS_PODFILE_DIR_PATH}/Podfile.lock",
				"${PODS_ROOT}/Manifest.lock",
			);
			name = "[CP] Check Pods Manifest.lock";
			outputFileListPaths = (
			);
			outputPaths = (
				"$(DERIVED_FILE_DIR)/Pods-MovieDatabaseApp-MovieDatabaseAppUITests-checkManifestLockResult.txt",
			);
			runOnlyForDeploymentPostprocessing = 0;
			shellPath = /bin/sh;
			shellScript = "diff \"${PODS_PODFILE_DIR_PATH}/Podfile.lock\" \"${PODS_ROOT}/Manifest.lock\" > /dev/null\nif [ $? != 0 ] ; then\n    # print error to STDERR\n    echo \"error: The sandbox is not in sync with the Podfile.lock. Run 'pod install' or update your CocoaPods installation.\" >&2\n    exit 1\nfi\n# This output is used by Xcode 'outputs' to avoid re-running this script phase.\necho \"SUCCESS\" > \"${SCRIPT_OUTPUT_FILE_0}\"\n";
			showEnvVarsInLog = 0;
		};
		69C8EAF010DC3E1A8FF041A1 /* [CP] Embed Pods Frameworks */ = {
			isa = PBXShellScriptBuildPhase;
			buildActionMask = 2147483647;
			files = (
			);
			inputFileListPaths = (
				"${PODS_ROOT}/Target Support Files/Pods-MovieDatabaseApp/Pods-MovieDatabaseApp-frameworks-${CONFIGURATION}-input-files.xcfilelist",
			);
			name = "[CP] Embed Pods Frameworks";
			outputFileListPaths = (
				"${PODS_ROOT}/Target Support Files/Pods-MovieDatabaseApp/Pods-MovieDatabaseApp-frameworks-${CONFIGURATION}-output-files.xcfilelist",
			);
			runOnlyForDeploymentPostprocessing = 0;
			shellPath = /bin/sh;
			shellScript = "\"${PODS_ROOT}/Target Support Files/Pods-MovieDatabaseApp/Pods-MovieDatabaseApp-frameworks.sh\"\n";
			showEnvVarsInLog = 0;
		};
		8D7BBB3D152C8110E7EEB12F /* [CP] Embed Pods Frameworks */ = {
			isa = PBXShellScriptBuildPhase;
			buildActionMask = 2147483647;
			files = (
			);
			inputFileListPaths = (
				"${PODS_ROOT}/Target Support Files/Pods-MovieDatabaseApp-MovieDatabaseAppUITests/Pods-MovieDatabaseApp-MovieDatabaseAppUITests-frameworks-${CONFIGURATION}-input-files.xcfilelist",
			);
			name = "[CP] Embed Pods Frameworks";
			outputFileListPaths = (
				"${PODS_ROOT}/Target Support Files/Pods-MovieDatabaseApp-MovieDatabaseAppUITests/Pods-MovieDatabaseApp-MovieDatabaseAppUITests-frameworks-${CONFIGURATION}-output-files.xcfilelist",
			);
			runOnlyForDeploymentPostprocessing = 0;
			shellPath = /bin/sh;
			shellScript = "\"${PODS_ROOT}/Target Support Files/Pods-MovieDatabaseApp-MovieDatabaseAppUITests/Pods-MovieDatabaseApp-MovieDatabaseAppUITests-frameworks.sh\"\n";
			showEnvVarsInLog = 0;
		};
		D0BB92F724F253FDB84F4BE7 /* [CP] Check Pods Manifest.lock */ = {
			isa = PBXShellScriptBuildPhase;
			buildActionMask = 2147483647;
			files = (
			);
			inputFileListPaths = (
			);
			inputPaths = (
				"${PODS_PODFILE_DIR_PATH}/Podfile.lock",
				"${PODS_ROOT}/Manifest.lock",
			);
			name = "[CP] Check Pods Manifest.lock";
			outputFileListPaths = (
			);
			outputPaths = (
				"$(DERIVED_FILE_DIR)/Pods-MovieDatabaseAppTests-checkManifestLockResult.txt",
			);
			runOnlyForDeploymentPostprocessing = 0;
			shellPath = /bin/sh;
			shellScript = "diff \"${PODS_PODFILE_DIR_PATH}/Podfile.lock\" \"${PODS_ROOT}/Manifest.lock\" > /dev/null\nif [ $? != 0 ] ; then\n    # print error to STDERR\n    echo \"error: The sandbox is not in sync with the Podfile.lock. Run 'pod install' or update your CocoaPods installation.\" >&2\n    exit 1\nfi\n# This output is used by Xcode 'outputs' to avoid re-running this script phase.\necho \"SUCCESS\" > \"${SCRIPT_OUTPUT_FILE_0}\"\n";
			showEnvVarsInLog = 0;
		};
		DA14B5E5D89220994205433C /* [CP] Check Pods Manifest.lock */ = {
			isa = PBXShellScriptBuildPhase;
			buildActionMask = 2147483647;
			files = (
			);
			inputFileListPaths = (
			);
			inputPaths = (
				"${PODS_PODFILE_DIR_PATH}/Podfile.lock",
				"${PODS_ROOT}/Manifest.lock",
			);
			name = "[CP] Check Pods Manifest.lock";
			outputFileListPaths = (
			);
			outputPaths = (
				"$(DERIVED_FILE_DIR)/Pods-MovieDatabaseApp-checkManifestLockResult.txt",
			);
			runOnlyForDeploymentPostprocessing = 0;
			shellPath = /bin/sh;
			shellScript = "diff \"${PODS_PODFILE_DIR_PATH}/Podfile.lock\" \"${PODS_ROOT}/Manifest.lock\" > /dev/null\nif [ $? != 0 ] ; then\n    # print error to STDERR\n    echo \"error: The sandbox is not in sync with the Podfile.lock. Run 'pod install' or update your CocoaPods installation.\" >&2\n    exit 1\nfi\n# This output is used by Xcode 'outputs' to avoid re-running this script phase.\necho \"SUCCESS\" > \"${SCRIPT_OUTPUT_FILE_0}\"\n";
			showEnvVarsInLog = 0;
		};
/* End PBXShellScriptBuildPhase section */

/* Begin PBXSourcesBuildPhase section */
		1077214727D2B97B005B63F5 /* Sources */ = {
			isa = PBXSourcesBuildPhase;
			buildActionMask = 2147483647;
			files = (
				10C56C4427DA8DEF00911437 /* RegisterViewModel.swift in Sources */,
				10EDDE5B27EA033500DA989D /* LoginViewModel.swift in Sources */,
				107B5F8B27DE1A1700C069F8 /* MovieAPI.swift in Sources */,
				ABA7D8B027D39C9300B39566 /* RegisterView.swift in Sources */,
				AB6C744627D522790089105D /* StackView.swift in Sources */,
				10CFD3C727E101690096004B /* HomeViewModel.swift in Sources */,
				1077215327D2B97B005B63F5 /* ViewController.swift in Sources */,
				ABA958FB27D3F9FD00E8A45D /* TableDelegate.swift in Sources */,
				ABA7D8B427D3A3FB00B39566 /* AppCoordinator.swift in Sources */,
				1028424127E0DBB100A4C5CD /* Error.swift in Sources */,
				107B5F9127DE1C9F00C069F8 /* MovieAPIModel.swift in Sources */,
				ABA7D8AC27D39C7C00B39566 /* HomeView.swift in Sources */,
				10C56C4227DA8ABF00911437 /* AppDependencyContainer.swift in Sources */,
				10C56C4927DAA7F000911437 /* ButtonType.swift in Sources */,
				10EDDE5327EA004000DA989D /* AuthenticationService.swift in Sources */,
				10C56C3327D93D9700911437 /* MovieCell.swift in Sources */,
				10E247E927EA189B008D3887 /* AuthPublisher.swift in Sources */,
				ABA958FD27D3FD3000E8A45D /* Table.swift in Sources */,
				ABA7D8AA27D39C7300B39566 /* SplashView.swift in Sources */,
				1077214F27D2B97B005B63F5 /* AppDelegate.swift in Sources */,
				ABA958F927D3F9DE00E8A45D /* TableDataSource.swift in Sources */,
				ABA7D8B227D3A38A00B39566 /* Coodinator.swift in Sources */,
				1077215127D2B97B005B63F5 /* SceneDelegate.swift in Sources */,
				107B5F8E27DE1A7E00C069F8 /* APIConstants.swift in Sources */,
				ABA7D8BA27D3A42900B39566 /* MainCoordinator.swift in Sources */,
				ABA7D8A627D39C5700B39566 /* RegisterViewController.swift in Sources */,
				10C56C3027D9370100911437 /* CollectionView.swift in Sources */,
				10C56C4C27DAB32600911437 /* View.swift in Sources */,
				1028424427E0DD0D00A4C5CD /* NetworkService.swift in Sources */,
				ABA7D8A427D39C2100B39566 /* LoginViewController.swift in Sources */,
				10C56C3627DA2B2400911437 /* DetailView.swift in Sources */,
				AB6C744327D507F70089105D /* AutoLayout.swift in Sources */,
				107B5F8827DE19F400C069F8 /* RestResponse.swift in Sources */,
				10E247EB27EAAA5B008D3887 /* UserViewModel.swift in Sources */,
				ABA7D8A827D39C6A00B39566 /* SplashViewController.swift in Sources */,
				10C56C3D27DA861100911437 /* FirebaseServices.swift in Sources */,
				10CFD3CA27E14E6A0096004B /* Collection View Section.swift in Sources */,
				ABA7D8AE27D39C8700B39566 /* LoginView.swift in Sources */,
				107B5F8627DE19E700C069F8 /* RestClient.swift in Sources */,
				10EDDE5827EA023A00DA989D /* UserModel.swift in Sources */,
				ABA7D8A227D39BF900B39566 /* HomeViewController.swift in Sources */,
				107B5F9327DF883F00C069F8 /* MovieItemCellViewModel.swift in Sources */,
				101FBF7627D7B3B200E44450 /* AuthCoordinator.swift in Sources */,
				10C56C4727DAA6C300911437 /* TextFieldType.swift in Sources */,
				ABA7D8BC27D3A51800B39566 /* Button.swift in Sources */,
				10C56C3827DA2B3300911437 /* DetailViewController.swift in Sources */,
			);
			runOnlyForDeploymentPostprocessing = 0;
		};
		1077215D27D2B97D005B63F5 /* Sources */ = {
			isa = PBXSourcesBuildPhase;
			buildActionMask = 2147483647;
			files = (
				1077216627D2B97D005B63F5 /* MovieDatabaseAppTests.swift in Sources */,
			);
			runOnlyForDeploymentPostprocessing = 0;
		};
		1077216727D2B97D005B63F5 /* Sources */ = {
			isa = PBXSourcesBuildPhase;
			buildActionMask = 2147483647;
			files = (
				1077217227D2B97D005B63F5 /* MovieDatabaseAppUITestsLaunchTests.swift in Sources */,
				1077217027D2B97D005B63F5 /* MovieDatabaseAppUITests.swift in Sources */,
			);
			runOnlyForDeploymentPostprocessing = 0;
		};
/* End PBXSourcesBuildPhase section */

/* Begin PBXTargetDependency section */
		1077216327D2B97D005B63F5 /* PBXTargetDependency */ = {
			isa = PBXTargetDependency;
			target = 1077214A27D2B97B005B63F5 /* MovieDatabaseApp */;
			targetProxy = 1077216227D2B97D005B63F5 /* PBXContainerItemProxy */;
		};
		1077216D27D2B97D005B63F5 /* PBXTargetDependency */ = {
			isa = PBXTargetDependency;
			target = 1077214A27D2B97B005B63F5 /* MovieDatabaseApp */;
			targetProxy = 1077216C27D2B97D005B63F5 /* PBXContainerItemProxy */;
		};
/* End PBXTargetDependency section */

/* Begin PBXVariantGroup section */
		1077215427D2B97B005B63F5 /* Main.storyboard */ = {
			isa = PBXVariantGroup;
			children = (
				1077215527D2B97B005B63F5 /* Base */,
			);
			name = Main.storyboard;
			sourceTree = "<group>";
		};
		1077215927D2B97C005B63F5 /* LaunchScreen.storyboard */ = {
			isa = PBXVariantGroup;
			children = (
				1077215A27D2B97C005B63F5 /* Base */,
			);
			name = LaunchScreen.storyboard;
			sourceTree = "<group>";
		};
/* End PBXVariantGroup section */

/* Begin XCBuildConfiguration section */
		1077217327D2B97D005B63F5 /* Debug */ = {
			isa = XCBuildConfiguration;
			buildSettings = {
				ALWAYS_SEARCH_USER_PATHS = NO;
				CLANG_ANALYZER_NONNULL = YES;
				CLANG_ANALYZER_NUMBER_OBJECT_CONVERSION = YES_AGGRESSIVE;
				CLANG_CXX_LANGUAGE_STANDARD = "gnu++17";
				CLANG_CXX_LIBRARY = "libc++";
				CLANG_ENABLE_MODULES = YES;
				CLANG_ENABLE_OBJC_ARC = YES;
				CLANG_ENABLE_OBJC_WEAK = YES;
				CLANG_WARN_BLOCK_CAPTURE_AUTORELEASING = YES;
				CLANG_WARN_BOOL_CONVERSION = YES;
				CLANG_WARN_COMMA = YES;
				CLANG_WARN_CONSTANT_CONVERSION = YES;
				CLANG_WARN_DEPRECATED_OBJC_IMPLEMENTATIONS = YES;
				CLANG_WARN_DIRECT_OBJC_ISA_USAGE = YES_ERROR;
				CLANG_WARN_DOCUMENTATION_COMMENTS = YES;
				CLANG_WARN_EMPTY_BODY = YES;
				CLANG_WARN_ENUM_CONVERSION = YES;
				CLANG_WARN_INFINITE_RECURSION = YES;
				CLANG_WARN_INT_CONVERSION = YES;
				CLANG_WARN_NON_LITERAL_NULL_CONVERSION = YES;
				CLANG_WARN_OBJC_IMPLICIT_RETAIN_SELF = YES;
				CLANG_WARN_OBJC_LITERAL_CONVERSION = YES;
				CLANG_WARN_OBJC_ROOT_CLASS = YES_ERROR;
				CLANG_WARN_QUOTED_INCLUDE_IN_FRAMEWORK_HEADER = YES;
				CLANG_WARN_RANGE_LOOP_ANALYSIS = YES;
				CLANG_WARN_STRICT_PROTOTYPES = YES;
				CLANG_WARN_SUSPICIOUS_MOVE = YES;
				CLANG_WARN_UNGUARDED_AVAILABILITY = YES_AGGRESSIVE;
				CLANG_WARN_UNREACHABLE_CODE = YES;
				CLANG_WARN__DUPLICATE_METHOD_MATCH = YES;
				COPY_PHASE_STRIP = NO;
				DEBUG_INFORMATION_FORMAT = dwarf;
				ENABLE_STRICT_OBJC_MSGSEND = YES;
				ENABLE_TESTABILITY = YES;
				GCC_C_LANGUAGE_STANDARD = gnu11;
				GCC_DYNAMIC_NO_PIC = NO;
				GCC_NO_COMMON_BLOCKS = YES;
				GCC_OPTIMIZATION_LEVEL = 0;
				GCC_PREPROCESSOR_DEFINITIONS = (
					"DEBUG=1",
					"$(inherited)",
				);
				GCC_WARN_64_TO_32_BIT_CONVERSION = YES;
				GCC_WARN_ABOUT_RETURN_TYPE = YES_ERROR;
				GCC_WARN_UNDECLARED_SELECTOR = YES;
				GCC_WARN_UNINITIALIZED_AUTOS = YES_AGGRESSIVE;
				GCC_WARN_UNUSED_FUNCTION = YES;
				GCC_WARN_UNUSED_VARIABLE = YES;
				IPHONEOS_DEPLOYMENT_TARGET = 15.2;
				MTL_ENABLE_DEBUG_INFO = INCLUDE_SOURCE;
				MTL_FAST_MATH = YES;
				ONLY_ACTIVE_ARCH = YES;
				SDKROOT = iphoneos;
				SWIFT_ACTIVE_COMPILATION_CONDITIONS = DEBUG;
				SWIFT_OPTIMIZATION_LEVEL = "-Onone";
			};
			name = Debug;
		};
		1077217427D2B97D005B63F5 /* Release */ = {
			isa = XCBuildConfiguration;
			buildSettings = {
				ALWAYS_SEARCH_USER_PATHS = NO;
				CLANG_ANALYZER_NONNULL = YES;
				CLANG_ANALYZER_NUMBER_OBJECT_CONVERSION = YES_AGGRESSIVE;
				CLANG_CXX_LANGUAGE_STANDARD = "gnu++17";
				CLANG_CXX_LIBRARY = "libc++";
				CLANG_ENABLE_MODULES = YES;
				CLANG_ENABLE_OBJC_ARC = YES;
				CLANG_ENABLE_OBJC_WEAK = YES;
				CLANG_WARN_BLOCK_CAPTURE_AUTORELEASING = YES;
				CLANG_WARN_BOOL_CONVERSION = YES;
				CLANG_WARN_COMMA = YES;
				CLANG_WARN_CONSTANT_CONVERSION = YES;
				CLANG_WARN_DEPRECATED_OBJC_IMPLEMENTATIONS = YES;
				CLANG_WARN_DIRECT_OBJC_ISA_USAGE = YES_ERROR;
				CLANG_WARN_DOCUMENTATION_COMMENTS = YES;
				CLANG_WARN_EMPTY_BODY = YES;
				CLANG_WARN_ENUM_CONVERSION = YES;
				CLANG_WARN_INFINITE_RECURSION = YES;
				CLANG_WARN_INT_CONVERSION = YES;
				CLANG_WARN_NON_LITERAL_NULL_CONVERSION = YES;
				CLANG_WARN_OBJC_IMPLICIT_RETAIN_SELF = YES;
				CLANG_WARN_OBJC_LITERAL_CONVERSION = YES;
				CLANG_WARN_OBJC_ROOT_CLASS = YES_ERROR;
				CLANG_WARN_QUOTED_INCLUDE_IN_FRAMEWORK_HEADER = YES;
				CLANG_WARN_RANGE_LOOP_ANALYSIS = YES;
				CLANG_WARN_STRICT_PROTOTYPES = YES;
				CLANG_WARN_SUSPICIOUS_MOVE = YES;
				CLANG_WARN_UNGUARDED_AVAILABILITY = YES_AGGRESSIVE;
				CLANG_WARN_UNREACHABLE_CODE = YES;
				CLANG_WARN__DUPLICATE_METHOD_MATCH = YES;
				COPY_PHASE_STRIP = NO;
				DEBUG_INFORMATION_FORMAT = "dwarf-with-dsym";
				ENABLE_NS_ASSERTIONS = NO;
				ENABLE_STRICT_OBJC_MSGSEND = YES;
				GCC_C_LANGUAGE_STANDARD = gnu11;
				GCC_NO_COMMON_BLOCKS = YES;
				GCC_WARN_64_TO_32_BIT_CONVERSION = YES;
				GCC_WARN_ABOUT_RETURN_TYPE = YES_ERROR;
				GCC_WARN_UNDECLARED_SELECTOR = YES;
				GCC_WARN_UNINITIALIZED_AUTOS = YES_AGGRESSIVE;
				GCC_WARN_UNUSED_FUNCTION = YES;
				GCC_WARN_UNUSED_VARIABLE = YES;
				IPHONEOS_DEPLOYMENT_TARGET = 15.2;
				MTL_ENABLE_DEBUG_INFO = NO;
				MTL_FAST_MATH = YES;
				SDKROOT = iphoneos;
				SWIFT_COMPILATION_MODE = wholemodule;
				SWIFT_OPTIMIZATION_LEVEL = "-O";
				VALIDATE_PRODUCT = YES;
			};
			name = Release;
		};
		1077217627D2B97D005B63F5 /* Debug */ = {
			isa = XCBuildConfiguration;
			baseConfigurationReference = 78D13732CB8A641D9D914E49 /* Pods-MovieDatabaseApp.debug.xcconfig */;
			buildSettings = {
				ASSETCATALOG_COMPILER_APPICON_NAME = AppIcon;
				ASSETCATALOG_COMPILER_GLOBAL_ACCENT_COLOR_NAME = AccentColor;
				CODE_SIGN_STYLE = Automatic;
				CURRENT_PROJECT_VERSION = 1;
				DEVELOPMENT_TEAM = Z969BXL62D;
				GENERATE_INFOPLIST_FILE = YES;
				INFOPLIST_FILE = MovieDatabaseApp/Info.plist;
				INFOPLIST_KEY_UIApplicationSupportsIndirectInputEvents = YES;
				INFOPLIST_KEY_UILaunchStoryboardName = LaunchScreen;
				INFOPLIST_KEY_UISupportedInterfaceOrientations_iPad = "UIInterfaceOrientationPortrait UIInterfaceOrientationPortraitUpsideDown UIInterfaceOrientationLandscapeLeft UIInterfaceOrientationLandscapeRight";
				INFOPLIST_KEY_UISupportedInterfaceOrientations_iPhone = "UIInterfaceOrientationPortrait UIInterfaceOrientationLandscapeLeft UIInterfaceOrientationLandscapeRight";
				LD_RUNPATH_SEARCH_PATHS = (
					"$(inherited)",
					"@executable_path/Frameworks",
				);
				MARKETING_VERSION = 1.0;
				PRODUCT_BUNDLE_IDENTIFIER = "iOSTraining.MovieDatabaseApp-jann";
				PRODUCT_NAME = "$(TARGET_NAME)";
				SWIFT_EMIT_LOC_STRINGS = YES;
				SWIFT_VERSION = 5.0;
				TARGETED_DEVICE_FAMILY = "1,2";
			};
			name = Debug;
		};
		1077217727D2B97D005B63F5 /* Release */ = {
			isa = XCBuildConfiguration;
			baseConfigurationReference = C0DEC7BFC257D6E15A0F6AEF /* Pods-MovieDatabaseApp.release.xcconfig */;
			buildSettings = {
				ASSETCATALOG_COMPILER_APPICON_NAME = AppIcon;
				ASSETCATALOG_COMPILER_GLOBAL_ACCENT_COLOR_NAME = AccentColor;
				CODE_SIGN_STYLE = Automatic;
				CURRENT_PROJECT_VERSION = 1;
				DEVELOPMENT_TEAM = Z969BXL62D;
				GENERATE_INFOPLIST_FILE = YES;
				INFOPLIST_FILE = MovieDatabaseApp/Info.plist;
				INFOPLIST_KEY_UIApplicationSupportsIndirectInputEvents = YES;
				INFOPLIST_KEY_UILaunchStoryboardName = LaunchScreen;
				INFOPLIST_KEY_UISupportedInterfaceOrientations_iPad = "UIInterfaceOrientationPortrait UIInterfaceOrientationPortraitUpsideDown UIInterfaceOrientationLandscapeLeft UIInterfaceOrientationLandscapeRight";
				INFOPLIST_KEY_UISupportedInterfaceOrientations_iPhone = "UIInterfaceOrientationPortrait UIInterfaceOrientationLandscapeLeft UIInterfaceOrientationLandscapeRight";
				LD_RUNPATH_SEARCH_PATHS = (
					"$(inherited)",
					"@executable_path/Frameworks",
				);
				MARKETING_VERSION = 1.0;
				PRODUCT_BUNDLE_IDENTIFIER = "iOSTraining.MovieDatabaseApp-jann";
				PRODUCT_NAME = "$(TARGET_NAME)";
				SWIFT_EMIT_LOC_STRINGS = YES;
				SWIFT_VERSION = 5.0;
				TARGETED_DEVICE_FAMILY = "1,2";
			};
			name = Release;
		};
		1077217927D2B97D005B63F5 /* Debug */ = {
			isa = XCBuildConfiguration;
			baseConfigurationReference = C98D4AE4AA6DAFAAAAF831A9 /* Pods-MovieDatabaseAppTests.debug.xcconfig */;
			buildSettings = {
				ALWAYS_EMBED_SWIFT_STANDARD_LIBRARIES = YES;
				BUNDLE_LOADER = "$(TEST_HOST)";
				CODE_SIGN_STYLE = Automatic;
				CURRENT_PROJECT_VERSION = 1;
				DEVELOPMENT_TEAM = VB8JY3R4X5;
				GENERATE_INFOPLIST_FILE = YES;
				IPHONEOS_DEPLOYMENT_TARGET = 15.2;
				MARKETING_VERSION = 1.0;
				PRODUCT_BUNDLE_IDENTIFIER = iOSTraining.MovieDatabaseAppTests;
				PRODUCT_NAME = "$(TARGET_NAME)";
				SWIFT_EMIT_LOC_STRINGS = NO;
				SWIFT_VERSION = 5.0;
				TARGETED_DEVICE_FAMILY = "1,2";
				TEST_HOST = "$(BUILT_PRODUCTS_DIR)/MovieDatabaseApp.app/MovieDatabaseApp";
			};
			name = Debug;
		};
		1077217A27D2B97D005B63F5 /* Release */ = {
			isa = XCBuildConfiguration;
			baseConfigurationReference = AF4C0E266090E4543EDB302C /* Pods-MovieDatabaseAppTests.release.xcconfig */;
			buildSettings = {
				ALWAYS_EMBED_SWIFT_STANDARD_LIBRARIES = YES;
				BUNDLE_LOADER = "$(TEST_HOST)";
				CODE_SIGN_STYLE = Automatic;
				CURRENT_PROJECT_VERSION = 1;
				DEVELOPMENT_TEAM = VB8JY3R4X5;
				GENERATE_INFOPLIST_FILE = YES;
				IPHONEOS_DEPLOYMENT_TARGET = 15.2;
				MARKETING_VERSION = 1.0;
				PRODUCT_BUNDLE_IDENTIFIER = iOSTraining.MovieDatabaseAppTests;
				PRODUCT_NAME = "$(TARGET_NAME)";
				SWIFT_EMIT_LOC_STRINGS = NO;
				SWIFT_VERSION = 5.0;
				TARGETED_DEVICE_FAMILY = "1,2";
				TEST_HOST = "$(BUILT_PRODUCTS_DIR)/MovieDatabaseApp.app/MovieDatabaseApp";
			};
			name = Release;
		};
		1077217C27D2B97D005B63F5 /* Debug */ = {
			isa = XCBuildConfiguration;
			baseConfigurationReference = B2982165A381FFE4CC59DF38 /* Pods-MovieDatabaseApp-MovieDatabaseAppUITests.debug.xcconfig */;
			buildSettings = {
				ALWAYS_EMBED_SWIFT_STANDARD_LIBRARIES = YES;
				CODE_SIGN_STYLE = Automatic;
				CURRENT_PROJECT_VERSION = 1;
				DEVELOPMENT_TEAM = VB8JY3R4X5;
				GENERATE_INFOPLIST_FILE = YES;
				MARKETING_VERSION = 1.0;
				PRODUCT_BUNDLE_IDENTIFIER = iOSTraining.MovieDatabaseAppUITests;
				PRODUCT_NAME = "$(TARGET_NAME)";
				SWIFT_EMIT_LOC_STRINGS = NO;
				SWIFT_VERSION = 5.0;
				TARGETED_DEVICE_FAMILY = "1,2";
				TEST_TARGET_NAME = MovieDatabaseApp;
			};
			name = Debug;
		};
		1077217D27D2B97D005B63F5 /* Release */ = {
			isa = XCBuildConfiguration;
			baseConfigurationReference = DC3C82D0997A513A133EF350 /* Pods-MovieDatabaseApp-MovieDatabaseAppUITests.release.xcconfig */;
			buildSettings = {
				ALWAYS_EMBED_SWIFT_STANDARD_LIBRARIES = YES;
				CODE_SIGN_STYLE = Automatic;
				CURRENT_PROJECT_VERSION = 1;
				DEVELOPMENT_TEAM = VB8JY3R4X5;
				GENERATE_INFOPLIST_FILE = YES;
				MARKETING_VERSION = 1.0;
				PRODUCT_BUNDLE_IDENTIFIER = iOSTraining.MovieDatabaseAppUITests;
				PRODUCT_NAME = "$(TARGET_NAME)";
				SWIFT_EMIT_LOC_STRINGS = NO;
				SWIFT_VERSION = 5.0;
				TARGETED_DEVICE_FAMILY = "1,2";
				TEST_TARGET_NAME = MovieDatabaseApp;
			};
			name = Release;
		};
/* End XCBuildConfiguration section */

/* Begin XCConfigurationList section */
		1077214627D2B97B005B63F5 /* Build configuration list for PBXProject "MovieDatabaseApp" */ = {
			isa = XCConfigurationList;
			buildConfigurations = (
				1077217327D2B97D005B63F5 /* Debug */,
				1077217427D2B97D005B63F5 /* Release */,
			);
			defaultConfigurationIsVisible = 0;
			defaultConfigurationName = Release;
		};
		1077217527D2B97D005B63F5 /* Build configuration list for PBXNativeTarget "MovieDatabaseApp" */ = {
			isa = XCConfigurationList;
			buildConfigurations = (
				1077217627D2B97D005B63F5 /* Debug */,
				1077217727D2B97D005B63F5 /* Release */,
			);
			defaultConfigurationIsVisible = 0;
			defaultConfigurationName = Release;
		};
		1077217827D2B97D005B63F5 /* Build configuration list for PBXNativeTarget "MovieDatabaseAppTests" */ = {
			isa = XCConfigurationList;
			buildConfigurations = (
				1077217927D2B97D005B63F5 /* Debug */,
				1077217A27D2B97D005B63F5 /* Release */,
			);
			defaultConfigurationIsVisible = 0;
			defaultConfigurationName = Release;
		};
		1077217B27D2B97D005B63F5 /* Build configuration list for PBXNativeTarget "MovieDatabaseAppUITests" */ = {
			isa = XCConfigurationList;
			buildConfigurations = (
				1077217C27D2B97D005B63F5 /* Debug */,
				1077217D27D2B97D005B63F5 /* Release */,
			);
			defaultConfigurationIsVisible = 0;
			defaultConfigurationName = Release;
		};
/* End XCConfigurationList section */
	};
	rootObject = 1077214327D2B97B005B63F5 /* Project object */;
}
